// !$*UTF8*$!
{
	archiveVersion = 1;
	classes = {
	};
	objectVersion = 50;
	objects = {

/* Begin PBXBuildFile section */
		84DB399A25CDCB51001C370D /* AppDelegate.swift in Sources */ = {isa = PBXBuildFile; fileRef = 84DB399925CDCB51001C370D /* AppDelegate.swift */; };
		84DB399C25CDCB51001C370D /* SceneDelegate.swift in Sources */ = {isa = PBXBuildFile; fileRef = 84DB399B25CDCB51001C370D /* SceneDelegate.swift */; };
		84DB399E25CDCB51001C370D /* ViewController.swift in Sources */ = {isa = PBXBuildFile; fileRef = 84DB399D25CDCB51001C370D /* ViewController.swift */; };
		84DB39A125CDCB51001C370D /* Main.storyboard in Resources */ = {isa = PBXBuildFile; fileRef = 84DB399F25CDCB51001C370D /* Main.storyboard */; };
		84DB39A325CDCB54001C370D /* Assets.xcassets in Resources */ = {isa = PBXBuildFile; fileRef = 84DB39A225CDCB54001C370D /* Assets.xcassets */; };
		84DB39A625CDCB54001C370D /* LaunchScreen.storyboard in Resources */ = {isa = PBXBuildFile; fileRef = 84DB39A425CDCB54001C370D /* LaunchScreen.storyboard */; };
		84DB39B125CDCB54001C370D /* LightTests.swift in Sources */ = {isa = PBXBuildFile; fileRef = 84DB39B025CDCB54001C370D /* LightTests.swift */; };
		84DB39BC25CDCB54001C370D /* LightUITests.swift in Sources */ = {isa = PBXBuildFile; fileRef = 84DB39BB25CDCB54001C370D /* LightUITests.swift */; };
/* End PBXBuildFile section */

/* Begin PBXContainerItemProxy section */
		84DB39AD25CDCB54001C370D /* PBXContainerItemProxy */ = {
			isa = PBXContainerItemProxy;
			containerPortal = 84DB398E25CDCB51001C370D /* Project object */;
			proxyType = 1;
			remoteGlobalIDString = 84DB399525CDCB51001C370D;
			remoteInfo = Light;
		};
		84DB39B825CDCB54001C370D /* PBXContainerItemProxy */ = {
			isa = PBXContainerItemProxy;
			containerPortal = 84DB398E25CDCB51001C370D /* Project object */;
			proxyType = 1;
			remoteGlobalIDString = 84DB399525CDCB51001C370D;
			remoteInfo = Light;
		};
/* End PBXContainerItemProxy section */

/* Begin PBXFileReference section */
		84DB399625CDCB51001C370D /* Light.app */ = {isa = PBXFileReference; explicitFileType = wrapper.application; includeInIndex = 0; path = Light.app; sourceTree = BUILT_PRODUCTS_DIR; };
		84DB399925CDCB51001C370D /* AppDelegate.swift */ = {isa = PBXFileReference; lastKnownFileType = sourcecode.swift; path = AppDelegate.swift; sourceTree = "<group>"; };
		84DB399B25CDCB51001C370D /* SceneDelegate.swift */ = {isa = PBXFileReference; lastKnownFileType = sourcecode.swift; path = SceneDelegate.swift; sourceTree = "<group>"; };
		84DB399D25CDCB51001C370D /* ViewController.swift */ = {isa = PBXFileReference; lastKnownFileType = sourcecode.swift; path = ViewController.swift; sourceTree = "<group>"; };
		84DB39A025CDCB51001C370D /* Base */ = {isa = PBXFileReference; lastKnownFileType = file.storyboard; name = Base; path = Base.lproj/Main.storyboard; sourceTree = "<group>"; };
		84DB39A225CDCB54001C370D /* Assets.xcassets */ = {isa = PBXFileReference; lastKnownFileType = folder.assetcatalog; path = Assets.xcassets; sourceTree = "<group>"; };
		84DB39A525CDCB54001C370D /* Base */ = {isa = PBXFileReference; lastKnownFileType = file.storyboard; name = Base; path = Base.lproj/LaunchScreen.storyboard; sourceTree = "<group>"; };
		84DB39A725CDCB54001C370D /* Info.plist */ = {isa = PBXFileReference; lastKnownFileType = text.plist.xml; path = Info.plist; sourceTree = "<group>"; };
		84DB39AC25CDCB54001C370D /* LightTests.xctest */ = {isa = PBXFileReference; explicitFileType = wrapper.cfbundle; includeInIndex = 0; path = LightTests.xctest; sourceTree = BUILT_PRODUCTS_DIR; };
		84DB39B025CDCB54001C370D /* LightTests.swift */ = {isa = PBXFileReference; lastKnownFileType = sourcecode.swift; path = LightTests.swift; sourceTree = "<group>"; };
		84DB39B225CDCB54001C370D /* Info.plist */ = {isa = PBXFileReference; lastKnownFileType = text.plist.xml; path = Info.plist; sourceTree = "<group>"; };
		84DB39B725CDCB54001C370D /* LightUITests.xctest */ = {isa = PBXFileReference; explicitFileType = wrapper.cfbundle; includeInIndex = 0; path = LightUITests.xctest; sourceTree = BUILT_PRODUCTS_DIR; };
		84DB39BB25CDCB54001C370D /* LightUITests.swift */ = {isa = PBXFileReference; lastKnownFileType = sourcecode.swift; path = LightUITests.swift; sourceTree = "<group>"; };
		84DB39BD25CDCB54001C370D /* Info.plist */ = {isa = PBXFileReference; lastKnownFileType = text.plist.xml; path = Info.plist; sourceTree = "<group>"; };
/* End PBXFileReference section */

/* Begin PBXFrameworksBuildPhase section */
		84DB399325CDCB51001C370D /* Frameworks */ = {
			isa = PBXFrameworksBuildPhase;
			buildActionMask = 2147483647;
			files = (
			);
			runOnlyForDeploymentPostprocessing = 0;
		};
		84DB39A925CDCB54001C370D /* Frameworks */ = {
			isa = PBXFrameworksBuildPhase;
			buildActionMask = 2147483647;
			files = (
			);
			runOnlyForDeploymentPostprocessing = 0;
		};
		84DB39B425CDCB54001C370D /* Frameworks */ = {
			isa = PBXFrameworksBuildPhase;
			buildActionMask = 2147483647;
			files = (
			);
			runOnlyForDeploymentPostprocessing = 0;
		};
/* End PBXFrameworksBuildPhase section */

/* Begin PBXGroup section */
		84DB398D25CDCB51001C370D = {
			isa = PBXGroup;
			children = (
				84DB399825CDCB51001C370D /* Light */,
				84DB39AF25CDCB54001C370D /* LightTests */,
				84DB39BA25CDCB54001C370D /* LightUITests */,
				84DB399725CDCB51001C370D /* Products */,
			);
			sourceTree = "<group>";
		};
		84DB399725CDCB51001C370D /* Products */ = {
			isa = PBXGroup;
			children = (
				84DB399625CDCB51001C370D /* Light.app */,
				84DB39AC25CDCB54001C370D /* LightTests.xctest */,
				84DB39B725CDCB54001C370D /* LightUITests.xctest */,
			);
			name = Products;
			sourceTree = "<group>";
		};
		84DB399825CDCB51001C370D /* Light */ = {
			isa = PBXGroup;
			children = (
				84DB399925CDCB51001C370D /* AppDelegate.swift */,
				84DB399B25CDCB51001C370D /* SceneDelegate.swift */,
				84DB399D25CDCB51001C370D /* ViewController.swift */,
				84DB399F25CDCB51001C370D /* Main.storyboard */,
				84DB39A225CDCB54001C370D /* Assets.xcassets */,
				84DB39A425CDCB54001C370D /* LaunchScreen.storyboard */,
				84DB39A725CDCB54001C370D /* Info.plist */,
			);
			path = Light;
			sourceTree = "<group>";
		};
		84DB39AF25CDCB54001C370D /* LightTests */ = {
			isa = PBXGroup;
			children = (
				84DB39B025CDCB54001C370D /* LightTests.swift */,
				84DB39B225CDCB54001C370D /* Info.plist */,
			);
			path = LightTests;
			sourceTree = "<group>";
		};
		84DB39BA25CDCB54001C370D /* LightUITests */ = {
			isa = PBXGroup;
			children = (
				84DB39BB25CDCB54001C370D /* LightUITests.swift */,
				84DB39BD25CDCB54001C370D /* Info.plist */,
			);
			path = LightUITests;
			sourceTree = "<group>";
		};
/* End PBXGroup section */

/* Begin PBXNativeTarget section */
		84DB399525CDCB51001C370D /* Light */ = {
			isa = PBXNativeTarget;
			buildConfigurationList = 84DB39C025CDCB54001C370D /* Build configuration list for PBXNativeTarget "Light" */;
			buildPhases = (
				84DB399225CDCB51001C370D /* Sources */,
				84DB399325CDCB51001C370D /* Frameworks */,
				84DB399425CDCB51001C370D /* Resources */,
			);
			buildRules = (
			);
			dependencies = (
			);
			name = Light;
			productName = Light;
			productReference = 84DB399625CDCB51001C370D /* Light.app */;
			productType = "com.apple.product-type.application";
		};
		84DB39AB25CDCB54001C370D /* LightTests */ = {
			isa = PBXNativeTarget;
			buildConfigurationList = 84DB39C325CDCB54001C370D /* Build configuration list for PBXNativeTarget "LightTests" */;
			buildPhases = (
				84DB39A825CDCB54001C370D /* Sources */,
				84DB39A925CDCB54001C370D /* Frameworks */,
				84DB39AA25CDCB54001C370D /* Resources */,
			);
			buildRules = (
			);
			dependencies = (
				84DB39AE25CDCB54001C370D /* PBXTargetDependency */,
			);
			name = LightTests;
			productName = LightTests;
			productReference = 84DB39AC25CDCB54001C370D /* LightTests.xctest */;
			productType = "com.apple.product-type.bundle.unit-test";
		};
		84DB39B625CDCB54001C370D /* LightUITests */ = {
			isa = PBXNativeTarget;
			buildConfigurationList = 84DB39C625CDCB54001C370D /* Build configuration list for PBXNativeTarget "LightUITests" */;
			buildPhases = (
				84DB39B325CDCB54001C370D /* Sources */,
				84DB39B425CDCB54001C370D /* Frameworks */,
				84DB39B525CDCB54001C370D /* Resources */,
			);
			buildRules = (
			);
			dependencies = (
				84DB39B925CDCB54001C370D /* PBXTargetDependency */,
			);
			name = LightUITests;
			productName = LightUITests;
			productReference = 84DB39B725CDCB54001C370D /* LightUITests.xctest */;
			productType = "com.apple.product-type.bundle.ui-testing";
		};
/* End PBXNativeTarget section */

/* Begin PBXProject section */
		84DB398E25CDCB51001C370D /* Project object */ = {
			isa = PBXProject;
			attributes = {
				LastSwiftUpdateCheck = 1240;
				LastUpgradeCheck = 1240;
				TargetAttributes = {
					84DB399525CDCB51001C370D = {
						CreatedOnToolsVersion = 12.4;
					};
					84DB39AB25CDCB54001C370D = {
						CreatedOnToolsVersion = 12.4;
						TestTargetID = 84DB399525CDCB51001C370D;
					};
					84DB39B625CDCB54001C370D = {
						CreatedOnToolsVersion = 12.4;
						TestTargetID = 84DB399525CDCB51001C370D;
					};
				};
			};
			buildConfigurationList = 84DB399125CDCB51001C370D /* Build configuration list for PBXProject "Light" */;
			compatibilityVersion = "Xcode 9.3";
			developmentRegion = en;
			hasScannedForEncodings = 0;
			knownRegions = (
				en,
				Base,
			);
			mainGroup = 84DB398D25CDCB51001C370D;
			productRefGroup = 84DB399725CDCB51001C370D /* Products */;
			projectDirPath = "";
			projectRoot = "";
			targets = (
				84DB399525CDCB51001C370D /* Light */,
				84DB39AB25CDCB54001C370D /* LightTests */,
				84DB39B625CDCB54001C370D /* LightUITests */,
			);
		};
/* End PBXProject section */

/* Begin PBXResourcesBuildPhase section */
		84DB399425CDCB51001C370D /* Resources */ = {
			isa = PBXResourcesBuildPhase;
			buildActionMask = 2147483647;
			files = (
				84DB39A625CDCB54001C370D /* LaunchScreen.storyboard in Resources */,
				84DB39A325CDCB54001C370D /* Assets.xcassets in Resources */,
				84DB39A125CDCB51001C370D /* Main.storyboard in Resources */,
			);
			runOnlyForDeploymentPostprocessing = 0;
		};
		84DB39AA25CDCB54001C370D /* Resources */ = {
			isa = PBXResourcesBuildPhase;
			buildActionMask = 2147483647;
			files = (
			);
			runOnlyForDeploymentPostprocessing = 0;
		};
		84DB39B525CDCB54001C370D /* Resources */ = {
			isa = PBXResourcesBuildPhase;
			buildActionMask = 2147483647;
			files = (
			);
			runOnlyForDeploymentPostprocessing = 0;
		};
/* End PBXResourcesBuildPhase section */

/* Begin PBXSourcesBuildPhase section */
		84DB399225CDCB51001C370D /* Sources */ = {
			isa = PBXSourcesBuildPhase;
			buildActionMask = 2147483647;
			files = (
				84DB399E25CDCB51001C370D /* ViewController.swift in Sources */,
				84DB399A25CDCB51001C370D /* AppDelegate.swift in Sources */,
				84DB399C25CDCB51001C370D /* SceneDelegate.swift in Sources */,
			);
			runOnlyForDeploymentPostprocessing = 0;
		};
		84DB39A825CDCB54001C370D /* Sources */ = {
			isa = PBXSourcesBuildPhase;
			buildActionMask = 2147483647;
			files = (
				84DB39B125CDCB54001C370D /* LightTests.swift in Sources */,
			);
			runOnlyForDeploymentPostprocessing = 0;
		};
		84DB39B325CDCB54001C370D /* Sources */ = {
			isa = PBXSourcesBuildPhase;
			buildActionMask = 2147483647;
			files = (
				84DB39BC25CDCB54001C370D /* LightUITests.swift in Sources */,
			);
			runOnlyForDeploymentPostprocessing = 0;
		};
/* End PBXSourcesBuildPhase section */

/* Begin PBXTargetDependency section */
		84DB39AE25CDCB54001C370D /* PBXTargetDependency */ = {
			isa = PBXTargetDependency;
			target = 84DB399525CDCB51001C370D /* Light */;
			targetProxy = 84DB39AD25CDCB54001C370D /* PBXContainerItemProxy */;
		};
		84DB39B925CDCB54001C370D /* PBXTargetDependency */ = {
			isa = PBXTargetDependency;
			target = 84DB399525CDCB51001C370D /* Light */;
			targetProxy = 84DB39B825CDCB54001C370D /* PBXContainerItemProxy */;
		};
/* End PBXTargetDependency section */

/* Begin PBXVariantGroup section */
		84DB399F25CDCB51001C370D /* Main.storyboard */ = {
			isa = PBXVariantGroup;
			children = (
				84DB39A025CDCB51001C370D /* Base */,
			);
			name = Main.storyboard;
			sourceTree = "<group>";
		};
		84DB39A425CDCB54001C370D /* LaunchScreen.storyboard */ = {
			isa = PBXVariantGroup;
			children = (
				84DB39A525CDCB54001C370D /* Base */,
			);
			name = LaunchScreen.storyboard;
			sourceTree = "<group>";
		};
/* End PBXVariantGroup section */

/* Begin XCBuildConfiguration section */
		84DB39BE25CDCB54001C370D /* Debug */ = {
			isa = XCBuildConfiguration;
			buildSettings = {
				ALWAYS_SEARCH_USER_PATHS = NO;
				CLANG_ANALYZER_NONNULL = YES;
				CLANG_ANALYZER_NUMBER_OBJECT_CONVERSION = YES_AGGRESSIVE;
				CLANG_CXX_LANGUAGE_STANDARD = "gnu++14";
				CLANG_CXX_LIBRARY = "libc++";
				CLANG_ENABLE_MODULES = YES;
				CLANG_ENABLE_OBJC_ARC = YES;
				CLANG_ENABLE_OBJC_WEAK = YES;
				CLANG_WARN_BLOCK_CAPTURE_AUTORELEASING = YES;
				CLANG_WARN_BOOL_CONVERSION = YES;
				CLANG_WARN_COMMA = YES;
				CLANG_WARN_CONSTANT_CONVERSION = YES;
				CLANG_WARN_DEPRECATED_OBJC_IMPLEMENTATIONS = YES;
				CLANG_WARN_DIRECT_OBJC_ISA_USAGE = YES_ERROR;
				CLANG_WARN_DOCUMENTATION_COMMENTS = YES;
				CLANG_WARN_EMPTY_BODY = YES;
				CLANG_WARN_ENUM_CONVERSION = YES;
				CLANG_WARN_INFINITE_RECURSION = YES;
				CLANG_WARN_INT_CONVERSION = YES;
				CLANG_WARN_NON_LITERAL_NULL_CONVERSION = YES;
				CLANG_WARN_OBJC_IMPLICIT_RETAIN_SELF = YES;
				CLANG_WARN_OBJC_LITERAL_CONVERSION = YES;
				CLANG_WARN_OBJC_ROOT_CLASS = YES_ERROR;
				CLANG_WARN_QUOTED_INCLUDE_IN_FRAMEWORK_HEADER = YES;
				CLANG_WARN_RANGE_LOOP_ANALYSIS = YES;
				CLANG_WARN_STRICT_PROTOTYPES = YES;
				CLANG_WARN_SUSPICIOUS_MOVE = YES;
				CLANG_WARN_UNGUARDED_AVAILABILITY = YES_AGGRESSIVE;
				CLANG_WARN_UNREACHABLE_CODE = YES;
				CLANG_WARN__DUPLICATE_METHOD_MATCH = YES;
				COPY_PHASE_STRIP = NO;
				DEBUG_INFORMATION_FORMAT = dwarf;
				ENABLE_STRICT_OBJC_MSGSEND = YES;
				ENABLE_TESTABILITY = YES;
				GCC_C_LANGUAGE_STANDARD = gnu11;
				GCC_DYNAMIC_NO_PIC = NO;
				GCC_NO_COMMON_BLOCKS = YES;
				GCC_OPTIMIZATION_LEVEL = 0;
				GCC_PREPROCESSOR_DEFINITIONS = (
					"DEBUG=1",
					"$(inherited)",
				);
				GCC_WARN_64_TO_32_BIT_CONVERSION = YES;
				GCC_WARN_ABOUT_RETURN_TYPE = YES_ERROR;
				GCC_WARN_UNDECLARED_SELECTOR = YES;
				GCC_WARN_UNINITIALIZED_AUTOS = YES_AGGRESSIVE;
				GCC_WARN_UNUSED_FUNCTION = YES;
				GCC_WARN_UNUSED_VARIABLE = YES;
				IPHONEOS_DEPLOYMENT_TARGET = 14.4;
				MTL_ENABLE_DEBUG_INFO = INCLUDE_SOURCE;
				MTL_FAST_MATH = YES;
				ONLY_ACTIVE_ARCH = YES;
				SDKROOT = iphoneos;
				SWIFT_ACTIVE_COMPILATION_CONDITIONS = DEBUG;
				SWIFT_OPTIMIZATION_LEVEL = "-Onone";
			};
			name = Debug;
		};
		84DB39BF25CDCB54001C370D /* Release */ = {
			isa = XCBuildConfiguration;
			buildSettings = {
				ALWAYS_SEARCH_USER_PATHS = NO;
				CLANG_ANALYZER_NONNULL = YES;
				CLANG_ANALYZER_NUMBER_OBJECT_CONVERSION = YES_AGGRESSIVE;
				CLANG_CXX_LANGUAGE_STANDARD = "gnu++14";
				CLANG_CXX_LIBRARY = "libc++";
				CLANG_ENABLE_MODULES = YES;
				CLANG_ENABLE_OBJC_ARC = YES;
				CLANG_ENABLE_OBJC_WEAK = YES;
				CLANG_WARN_BLOCK_CAPTURE_AUTORELEASING = YES;
				CLANG_WARN_BOOL_CONVERSION = YES;
				CLANG_WARN_COMMA = YES;
				CLANG_WARN_CONSTANT_CONVERSION = YES;
				CLANG_WARN_DEPRECATED_OBJC_IMPLEMENTATIONS = YES;
				CLANG_WARN_DIRECT_OBJC_ISA_USAGE = YES_ERROR;
				CLANG_WARN_DOCUMENTATION_COMMENTS = YES;
				CLANG_WARN_EMPTY_BODY = YES;
				CLANG_WARN_ENUM_CONVERSION = YES;
				CLANG_WARN_INFINITE_RECURSION = YES;
				CLANG_WARN_INT_CONVERSION = YES;
				CLANG_WARN_NON_LITERAL_NULL_CONVERSION = YES;
				CLANG_WARN_OBJC_IMPLICIT_RETAIN_SELF = YES;
				CLANG_WARN_OBJC_LITERAL_CONVERSION = YES;
				CLANG_WARN_OBJC_ROOT_CLASS = YES_ERROR;
				CLANG_WARN_QUOTED_INCLUDE_IN_FRAMEWORK_HEADER = YES;
				CLANG_WARN_RANGE_LOOP_ANALYSIS = YES;
				CLANG_WARN_STRICT_PROTOTYPES = YES;
				CLANG_WARN_SUSPICIOUS_MOVE = YES;
				CLANG_WARN_UNGUARDED_AVAILABILITY = YES_AGGRESSIVE;
				CLANG_WARN_UNREACHABLE_CODE = YES;
				CLANG_WARN__DUPLICATE_METHOD_MATCH = YES;
				COPY_PHASE_STRIP = NO;
				DEBUG_INFORMATION_FORMAT = "dwarf-with-dsym";
				ENABLE_NS_ASSERTIONS = NO;
				ENABLE_STRICT_OBJC_MSGSEND = YES;
				GCC_C_LANGUAGE_STANDARD = gnu11;
				GCC_NO_COMMON_BLOCKS = YES;
				GCC_WARN_64_TO_32_BIT_CONVERSION = YES;
				GCC_WARN_ABOUT_RETURN_TYPE = YES_ERROR;
				GCC_WARN_UNDECLARED_SELECTOR = YES;
				GCC_WARN_UNINITIALIZED_AUTOS = YES_AGGRESSIVE;
				GCC_WARN_UNUSED_FUNCTION = YES;
				GCC_WARN_UNUSED_VARIABLE = YES;
				IPHONEOS_DEPLOYMENT_TARGET = 14.4;
				MTL_ENABLE_DEBUG_INFO = NO;
				MTL_FAST_MATH = YES;
				SDKROOT = iphoneos;
				SWIFT_COMPILATION_MODE = wholemodule;
				SWIFT_OPTIMIZATION_LEVEL = "-O";
				VALIDATE_PRODUCT = YES;
			};
			name = Release;
		};
		84DB39C125CDCB54001C370D /* Debug */ = {
			isa = XCBuildConfiguration;
			buildSettings = {
				ASSETCATALOG_COMPILER_APPICON_NAME = AppIcon;
				ASSETCATALOG_COMPILER_GLOBAL_ACCENT_COLOR_NAME = AccentColor;
				CODE_SIGN_STYLE = Automatic;
				INFOPLIST_FILE = Light/Info.plist;
				LD_RUNPATH_SEARCH_PATHS = (
					"$(inherited)",
					"@executable_path/Frameworks",
				);
				PRODUCT_BUNDLE_IDENTIFIER = Anika.Light;
				PRODUCT_NAME = "$(TARGET_NAME)";
				SWIFT_VERSION = 5.0;
				TARGETED_DEVICE_FAMILY = "1,2";
			};
			name = Debug;
		};
		84DB39C225CDCB54001C370D /* Release */ = {
			isa = XCBuildConfiguration;
			buildSettings = {
				ASSETCATALOG_COMPILER_APPICON_NAME = AppIcon;
				ASSETCATALOG_COMPILER_GLOBAL_ACCENT_COLOR_NAME = AccentColor;
				CODE_SIGN_STYLE = Automatic;
				INFOPLIST_FILE = Light/Info.plist;
				LD_RUNPATH_SEARCH_PATHS = (
					"$(inherited)",
					"@executable_path/Frameworks",
				);
				PRODUCT_BUNDLE_IDENTIFIER = Anika.Light;
				PRODUCT_NAME = "$(TARGET_NAME)";
				SWIFT_VERSION = 5.0;
				TARGETED_DEVICE_FAMILY = "1,2";
			};
			name = Release;
		};
		84DB39C425CDCB54001C370D /* Debug */ = {
			isa = XCBuildConfiguration;
			buildSettings = {
				ALWAYS_EMBED_SWIFT_STANDARD_LIBRARIES = YES;
				BUNDLE_LOADER = "$(TEST_HOST)";
				CODE_SIGN_STYLE = Automatic;
				INFOPLIST_FILE = LightTests/Info.plist;
				IPHONEOS_DEPLOYMENT_TARGET = 14.4;
				LD_RUNPATH_SEARCH_PATHS = (
					"$(inherited)",
					"@executable_path/Frameworks",
					"@loader_path/Frameworks",
				);
				PRODUCT_BUNDLE_IDENTIFIER = Anika.LightTests;
				PRODUCT_NAME = "$(TARGET_NAME)";
				SWIFT_VERSION = 5.0;
				TARGETED_DEVICE_FAMILY = "1,2";
				TEST_HOST = "$(BUILT_PRODUCTS_DIR)/Light.app/Light";
			};
			name = Debug;
		};
		84DB39C525CDCB54001C370D /* Release */ = {
			isa = XCBuildConfiguration;
			buildSettings = {
				ALWAYS_EMBED_SWIFT_STANDARD_LIBRARIES = YES;
				BUNDLE_LOADER = "$(TEST_HOST)";
				CODE_SIGN_STYLE = Automatic;
				INFOPLIST_FILE = LightTests/Info.plist;
				IPHONEOS_DEPLOYMENT_TARGET = 14.4;
				LD_RUNPATH_SEARCH_PATHS = (
					"$(inherited)",
					"@executable_path/Frameworks",
					"@loader_path/Frameworks",
				);
				PRODUCT_BUNDLE_IDENTIFIER = Anika.LightTests;
				PRODUCT_NAME = "$(TARGET_NAME)";
				SWIFT_VERSION = 5.0;
				TARGETED_DEVICE_FAMILY = "1,2";
				TEST_HOST = "$(BUILT_PRODUCTS_DIR)/Light.app/Light";
			};
			name = Release;
		};
		84DB39C725CDCB54001C370D /* Debug */ = {
			isa = XCBuildConfiguration;
			buildSettings = {
				ALWAYS_EMBED_SWIFT_STANDARD_LIBRARIES = YES;
				CODE_SIGN_STYLE = Automatic;
				INFOPLIST_FILE = LightUITests/Info.plist;
				LD_RUNPATH_SEARCH_PATHS = (
					"$(inherited)",
					"@executable_path/Frameworks",
					"@loader_path/Frameworks",
				);
				PRODUCT_BUNDLE_IDENTIFIER = Anika.LightUITests;
				PRODUCT_NAME = "$(TARGET_NAME)";
				SWIFT_VERSION = 5.0;
				TARGETED_DEVICE_FAMILY = "1,2";
				TEST_TARGET_NAME = Light;
			};
			name = Debug;
		};
		84DB39C825CDCB54001C370D /* Release */ = {
			isa = XCBuildConfiguration;
			buildSettings = {
				ALWAYS_EMBED_SWIFT_STANDARD_LIBRARIES = YES;
				CODE_SIGN_STYLE = Automatic;
				INFOPLIST_FILE = LightUITests/Info.plist;
				LD_RUNPATH_SEARCH_PATHS = (
					"$(inherited)",
					"@executable_path/Frameworks",
					"@loader_path/Frameworks",
				);
				PRODUCT_BUNDLE_IDENTIFIER = Anika.LightUITests;
				PRODUCT_NAME = "$(TARGET_NAME)";
				SWIFT_VERSION = 5.0;
				TARGETED_DEVICE_FAMILY = "1,2";
				TEST_TARGET_NAME = Light;
			};
			name = Release;
		};
/* End XCBuildConfiguration section */

/* Begin XCConfigurationList section */
		84DB399125CDCB51001C370D /* Build configuration list for PBXProject "Light" */ = {
			isa = XCConfigurationList;
			buildConfigurations = (
				84DB39BE25CDCB54001C370D /* Debug */,
				84DB39BF25CDCB54001C370D /* Release */,
			);
			defaultConfigurationIsVisible = 0;
			defaultConfigurationName = Release;
		};
		84DB39C025CDCB54001C370D /* Build configuration list for PBXNativeTarget "Light" */ = {
			isa = XCConfigurationList;
			buildConfigurations = (
				84DB39C125CDCB54001C370D /* Debug */,
				84DB39C225CDCB54001C370D /* Release */,
			);
			defaultConfigurationIsVisible = 0;
			defaultConfigurationName = Release;
		};
		84DB39C325CDCB54001C370D /* Build configuration list for PBXNativeTarget "LightTests" */ = {
			isa = XCConfigurationList;
			buildConfigurations = (
				84DB39C425CDCB54001C370D /* Debug */,
				84DB39C525CDCB54001C370D /* Release */,
			);
			defaultConfigurationIsVisible = 0;
			defaultConfigurationName = Release;
		};
		84DB39C625CDCB54001C370D /* Build configuration list for PBXNativeTarget "LightUITests" */ = {
			isa = XCConfigurationList;
			buildConfigurations = (
				84DB39C725CDCB54001C370D /* Debug */,
				84DB39C825CDCB54001C370D /* Release */,
			);
			defaultConfigurationIsVisible = 0;
			defaultConfigurationName = Release;
		};
/* End XCConfigurationList section */
	};
	rootObject = 84DB398E25CDCB51001C370D /* Project object */;
}
